
Microsoft Visual Studio Solution File, Format Version 12.00
# Visual Studio Version 17
VisualStudioVersion = 17.11.35208.52
MinimumVisualStudioVersion = 10.0.40219.1
Project("{FAE04EC0-301F-11D3-BF4B-00C04F79EFBC}") = "ToDoList", "ToDoList\ToDoList.csproj", "{DB668A25-66E7-4876-BEB2-5E33450FA855}"
EndProject
Global
	GlobalSection(SolutionConfigurationPlatforms) = preSolution
		Debug|Any CPU = Debug|Any CPU
		Release|Any CPU = Release|Any CPU
	EndGlobalSection
	GlobalSection(ProjectConfigurationPlatforms) = postSolution
		{DB668A25-66E7-4876-BEB2-5E33450FA855}.Debug|Any CPU.ActiveCfg = Debug|Any CPU
		{DB668A25-66E7-4876-BEB2-5E33450FA855}.Debug|Any CPU.Build.0 = Debug|Any CPU
		{DB668A25-66E7-4876-BEB2-5E33450FA855}.Release|Any CPU.ActiveCfg = Release|Any CPU
		{DB668A25-66E7-4876-BEB2-5E33450FA855}.Release|Any CPU.Build.0 = Release|Any CPU
	EndGlobalSection
	GlobalSection(SolutionProperties) = preSolution
		HideSolutionNode = FALSE
	EndGlobalSection
	GlobalSection(ExtensibilityGlobals) = postSolution
		SolutionGuid = {574DE7D8-19A1-49D1-BC71-C07C82998D96}
	EndGlobalSection
EndGlobal
